
Microsoft Visual Studio Solution File, Format Version 12.00
# Visual Studio 15
VisualStudioVersion = 15.0.28010.2048
MinimumVisualStudioVersion = 10.0.40219.1
Project("{FAE04EC0-301F-11D3-BF4B-00C04F79EFBC}") = "TestOrangeHRM", "TestOrangeHRM\TestOrangeHRM.csproj", "{F35A5582-81B6-45EE-AFA5-DE21994F8DFA}"
EndProject
Project("{FAE04EC0-301F-11D3-BF4B-00C04F79EFBC}") = "DataLib", "DataLib\DataLib.csproj", "{0CB8C51C-FE1B-4CBD-9A9F-D707DEF61B52}"
EndProject
Global
	GlobalSection(SolutionConfigurationPlatforms) = preSolution
		Debug|Any CPU = Debug|Any CPU
		Release|Any CPU = Release|Any CPU
	EndGlobalSection
	GlobalSection(ProjectConfigurationPlatforms) = postSolution
		{F35A5582-81B6-45EE-AFA5-DE21994F8DFA}.Debug|Any CPU.ActiveCfg = Debug|Any CPU
		{F35A5582-81B6-45EE-AFA5-DE21994F8DFA}.Debug|Any CPU.Build.0 = Debug|Any CPU
		{F35A5582-81B6-45EE-AFA5-DE21994F8DFA}.Release|Any CPU.ActiveCfg = Release|Any CPU
		{F35A5582-81B6-45EE-AFA5-DE21994F8DFA}.Release|Any CPU.Build.0 = Release|Any CPU
		{0CB8C51C-FE1B-4CBD-9A9F-D707DEF61B52}.Debug|Any CPU.ActiveCfg = Debug|Any CPU
		{0CB8C51C-FE1B-4CBD-9A9F-D707DEF61B52}.Debug|Any CPU.Build.0 = Debug|Any CPU
		{0CB8C51C-FE1B-4CBD-9A9F-D707DEF61B52}.Release|Any CPU.ActiveCfg = Release|Any CPU
		{0CB8C51C-FE1B-4CBD-9A9F-D707DEF61B52}.Release|Any CPU.Build.0 = Release|Any CPU
	EndGlobalSection
	GlobalSection(SolutionProperties) = preSolution
		HideSolutionNode = FALSE
	EndGlobalSection
	GlobalSection(ExtensibilityGlobals) = postSolution
		SolutionGuid = {B53AA8C0-EA16-4F62-9C06-0F7E1B24969A}
	EndGlobalSection
EndGlobal
